{
  "version": "5",
  "specifiers": {
    "npm:@ai-sdk/openai@4.0.52": "4.0.52_zod@4.5.4",
    "npm:ai@7.0.85": "7.0.85_zod@4.5.4"
  },
  "npm": {
    "@ai-sdk/gateway@4.0.69_zod@4.5.4": {
      "integrity": "sha512-W5MMdyqsaziQy/A4kxlK74iEQ+NuO6OaszH32cEQpUgBW0o15S2fAdP0aYSH2/5lrVZSMXLQLCzuMkRGHBua3A==",
      "dependencies": [
        "@ai-sdk/provider",
        "@ai-sdk/provider-utils",
        "@vercel/oidc",
        "zod"
      ]
    },
    "@ai-sdk/openai@4.0.52_zod@4.5.4": {
      "integrity": "sha512-I44DlHmBe8Sv5HVOaxAQEX3IbeG8Voz78z9abg6QJtWpL/oz42/ytGNWGAJPvKOJ9jFQ4ofalySFviUCRQk9MA==",
      "dependencies": [
        "@ai-sdk/provider",
        "@ai-sdk/provider-utils",
        "zod"
      ]
    },
    "@ai-sdk/provider-utils@5.0.34_zod@4.5.4": {
      "integrity": "sha512-tRBdgRcys/4d8wyQdOdyYScq1AxfMdMd0hIlwolxJKVIbBwXUgClZuQT0VIsz4e7pylY8FE6utYCCZ494UAMJQ==",
      "dependencies": [
        "@ai-sdk/provider",
        "@standard-schema/spec",
        "@workflow/serde",
        "eventsource-parser",
        "undici",
        "zod"
      ]
    },
    "@ai-sdk/provider@4.0.9": {
      "integrity": "sha512-XnGXPWiBIfqjsVEud5pOaVneRByJQOu2sYNwlSVJTPCvakdCDkVuYKKfNuStkIpMUYl7JIkBZGBx+B5YfNeVjA==",
      "dependencies": [
        "json-schema"
      ]
    },
    "@standard-schema/spec@1.1.0": {
      "integrity": "sha512-l2aFy5jALhniG5HgqrD6jXLi/rUWrKvqN/qJx6yoJsgKhblVd+iqqU4RCXavm/jPityDo5TCvKMnpjKnOriy0w=="
    },
    "@vercel/oidc@3.2.0": {
      "integrity": "sha512-UycprH3T6n3jH0k44NHMa7pnFHGu/N05MjojYr+Mc6I7obkoLIJujSWwin1pCvdy/eOxrI/l3uDLQsmcrOb4ug=="
    },
    "@workflow/serde@4.1.0": {
      "integrity": "sha512-pav4F2BoirECWR7Nf1TKt+2eETcBj7jj4cBefQ8VXQCA6NPkaKeLfj/zMgi+3zYV5ZIBT4GuUiphsj0/b9hPQQ=="
    },
    "ai@7.0.85_zod@4.5.4": {
      "integrity": "sha512-HVtPz0qLbTUad+QBnWWReIUmwk+U4PcRENMx+9PsHGVoinoc5CLDiVjNR+VBXTKOSaNgce8kSU/Rtbb4kjZsSw==",
      "dependencies": [
        "@ai-sdk/gateway",
        "@ai-sdk/provider",
        "@ai-sdk/provider-utils",
        "zod"
      ]
    },
    "eventsource-parser@3.1.1": {
      "integrity": "sha512-EKN1vKAMcZ8MlYMpaNuxN6R9yakzH6uajHcHVTqWJzvu5pWw9DyhbP35HH8MVBQ+dZjAfDxk+A8NiR9KWaXiyQ=="
    },
    "json-schema@0.4.0": {
      "integrity": "sha512-es94M3nTIfsEPisRafak+HDLfHXnKBhV3vU5eqPcS3flIWqcxJWgXHXiey3YrpaNsanY5ei1VoYEbOzijuq9BA=="
    },
    "undici@7.29.1": {
      "integrity": "sha512-RYONW2MeafgYlkVOKYKkA/Ag7BmXqgIWCa8t1m0JcxrQg9pI9lEqRhAOruOBCbAohOa/gkCF+iPi9hrgvTzu6Q=="
    },
    "zod@4.5.4": {
      "integrity": "sha512-sC95tT5iHHH9gtpj6A81kh+NEaRAUFN+qlUPDUbRfOMvNf5QCBqsb3WgvnpVtK5Y+4UfA6KqufotuTvMGiTlsA=="
    }
  },
  "workspace": {
    "dependencies": [
      "npm:@ai-sdk/openai@4.0.52",
      "npm:ai@7.0.85"
    ]
  }
}
